
Microsoft Visual Studio Solution File, Format Version 12.00
Project("{FAE04EC0-301F-11D3-BF4B-00C04F79EFBC}") = "BlazorApp5", "BlazorApp5\BlazorApp5.csproj", "{FE553FA6-59DD-4A97-AE46-AFC6A9DE9739}"
EndProject
Project("{FAE04EC0-301F-11D3-BF4B-00C04F79EFBC}") = "DataBase", "DataBase\DataBase.csproj", "{8361499E-2FFC-448F-9AA6-6E743AAA8BED}"
EndProject
Project("{FAE04EC0-301F-11D3-BF4B-00C04F79EFBC}") = "Models.DAL", "Models.DAL\Models.DAL.csproj", "{0782CACB-E0BE-4AFE-ADC6-7E2F77E47EAD}"
EndProject
Global
	GlobalSection(SolutionConfigurationPlatforms) = preSolution
		Debug|Any CPU = Debug|Any CPU
		Release|Any CPU = Release|Any CPU
	EndGlobalSection
	GlobalSection(ProjectConfigurationPlatforms) = postSolution
		{FE553FA6-59DD-4A97-AE46-AFC6A9DE9739}.Debug|Any CPU.ActiveCfg = Debug|Any CPU
		{FE553FA6-59DD-4A97-AE46-AFC6A9DE9739}.Debug|Any CPU.Build.0 = Debug|Any CPU
		{FE553FA6-59DD-4A97-AE46-AFC6A9DE9739}.Release|Any CPU.ActiveCfg = Release|Any CPU
		{FE553FA6-59DD-4A97-AE46-AFC6A9DE9739}.Release|Any CPU.Build.0 = Release|Any CPU
		{8361499E-2FFC-448F-9AA6-6E743AAA8BED}.Debug|Any CPU.ActiveCfg = Debug|Any CPU
		{8361499E-2FFC-448F-9AA6-6E743AAA8BED}.Debug|Any CPU.Build.0 = Debug|Any CPU
		{8361499E-2FFC-448F-9AA6-6E743AAA8BED}.Release|Any CPU.ActiveCfg = Release|Any CPU
		{8361499E-2FFC-448F-9AA6-6E743AAA8BED}.Release|Any CPU.Build.0 = Release|Any CPU
		{0782CACB-E0BE-4AFE-ADC6-7E2F77E47EAD}.Debug|Any CPU.ActiveCfg = Debug|Any CPU
		{0782CACB-E0BE-4AFE-ADC6-7E2F77E47EAD}.Debug|Any CPU.Build.0 = Debug|Any CPU
		{0782CACB-E0BE-4AFE-ADC6-7E2F77E47EAD}.Release|Any CPU.ActiveCfg = Release|Any CPU
		{0782CACB-E0BE-4AFE-ADC6-7E2F77E47EAD}.Release|Any CPU.Build.0 = Release|Any CPU
	EndGlobalSection
EndGlobal
